PODS:
  - Flutter (1.0.0)
  - gdt_action_plugin (0.0.1):
    - Flutter

DEPENDENCIES:
  - Flutter (from `Flutter`)
  - gdt_action_plugin (from `.symlinks/plugins/gdt_action_plugin/ios`)

EXTERNAL SOURCES:
  Flutter:
    :path: Flutter
  gdt_action_plugin:
    :path: ".symlinks/plugins/gdt_action_plugin/ios"

SPEC CHECKSUMS:
  Flutter: 0e3d915762c693b495b44d77113d4970485de6ec
  gdt_action_plugin: 89d973993265d2a5be4a1e0a80dc30c07026f465

PODFILE CHECKSUM: 3dbe063e9c90a5d7c9e4e76e70a821b9e2c1d271

COCOAPODS: 1.9.0.beta.2
