PODS:
  - Flutter (1.0.0)
  - tencent_gdt_plugin (0.0.1):
    - Flutter

DEPENDENCIES:
  - Flutter (from `Flutter`)
  - tencent_gdt_plugin (from `.symlinks/plugins/tencent_gdt_plugin/ios`)

EXTERNAL SOURCES:
  Flutter:
    :path: Flutter
  tencent_gdt_plugin:
    :path: ".symlinks/plugins/tencent_gdt_plugin/ios"

SPEC CHECKSUMS:
  Flutter: 0e3d915762c693b495b44d77113d4970485de6ec
  tencent_gdt_plugin: f43b02f1b68f925ea275626f457d4b6a356b7f5e

PODFILE CHECKSUM: 3dbe063e9c90a5d7c9e4e76e70a821b9e2c1d271

COCOAPODS: 1.9.0.beta.2
